// !$*UTF8*$!
{
	archiveVersion = 1;
	classes = {
	};
	objectVersion = 50;
	objects = {

/* Begin PBXBuildFile section */
		95D4579D24A982B300C5466E /* AppDelegate.swift in Sources */ = {isa = PBXBuildFile; fileRef = 95D4579C24A982B300C5466E /* AppDelegate.swift */; };
		95D4579F24A982B300C5466E /* SceneDelegate.swift in Sources */ = {isa = PBXBuildFile; fileRef = 95D4579E24A982B300C5466E /* SceneDelegate.swift */; };
		95D457A124A982B300C5466E /* ViewController.swift in Sources */ = {isa = PBXBuildFile; fileRef = 95D457A024A982B300C5466E /* ViewController.swift */; };
		95D457A424A982B300C5466E /* Main.storyboard in Resources */ = {isa = PBXBuildFile; fileRef = 95D457A224A982B300C5466E /* Main.storyboard */; };
		95D457A624A982BB00C5466E /* Assets.xcassets in Resources */ = {isa = PBXBuildFile; fileRef = 95D457A524A982BB00C5466E /* Assets.xcassets */; };
		95D457A924A982BB00C5466E /* LaunchScreen.storyboard in Resources */ = {isa = PBXBuildFile; fileRef = 95D457A724A982BB00C5466E /* LaunchScreen.storyboard */; };
		95D457B424A982BB00C5466E /* TestPracticeTests.swift in Sources */ = {isa = PBXBuildFile; fileRef = 95D457B324A982BB00C5466E /* TestPracticeTests.swift */; };
		95D457C124A9831D00C5466E /* MathStuff.swift in Sources */ = {isa = PBXBuildFile; fileRef = 95D457C024A9831D00C5466E /* MathStuff.swift */; };
		95D457D924A9C7BE00C5466E /* TestPracticeUITests.swift in Sources */ = {isa = PBXBuildFile; fileRef = 95D457D824A9C7BE00C5466E /* TestPracticeUITests.swift */; };
/* End PBXBuildFile section */

/* Begin PBXContainerItemProxy section */
		95D457B024A982BB00C5466E /* PBXContainerItemProxy */ = {
			isa = PBXContainerItemProxy;
			containerPortal = 95D4579124A982B300C5466E /* Project object */;
			proxyType = 1;
			remoteGlobalIDString = 95D4579824A982B300C5466E;
			remoteInfo = TestPractice;
		};
		95D457DB24A9C7BE00C5466E /* PBXContainerItemProxy */ = {
			isa = PBXContainerItemProxy;
			containerPortal = 95D4579124A982B300C5466E /* Project object */;
			proxyType = 1;
			remoteGlobalIDString = 95D4579824A982B300C5466E;
			remoteInfo = TestPractice;
		};
/* End PBXContainerItemProxy section */

/* Begin PBXFileReference section */
		95D4579924A982B300C5466E /* TestPractice.app */ = {isa = PBXFileReference; explicitFileType = wrapper.application; includeInIndex = 0; path = TestPractice.app; sourceTree = BUILT_PRODUCTS_DIR; };
		95D4579C24A982B300C5466E /* AppDelegate.swift */ = {isa = PBXFileReference; lastKnownFileType = sourcecode.swift; path = AppDelegate.swift; sourceTree = "<group>"; };
		95D4579E24A982B300C5466E /* SceneDelegate.swift */ = {isa = PBXFileReference; lastKnownFileType = sourcecode.swift; path = SceneDelegate.swift; sourceTree = "<group>"; };
		95D457A024A982B300C5466E /* ViewController.swift */ = {isa = PBXFileReference; lastKnownFileType = sourcecode.swift; path = ViewController.swift; sourceTree = "<group>"; };
		95D457A324A982B300C5466E /* Base */ = {isa = PBXFileReference; lastKnownFileType = file.storyboard; name = Base; path = Base.lproj/Main.storyboard; sourceTree = "<group>"; };
		95D457A524A982BB00C5466E /* Assets.xcassets */ = {isa = PBXFileReference; lastKnownFileType = folder.assetcatalog; path = Assets.xcassets; sourceTree = "<group>"; };
		95D457A824A982BB00C5466E /* Base */ = {isa = PBXFileReference; lastKnownFileType = file.storyboard; name = Base; path = Base.lproj/LaunchScreen.storyboard; sourceTree = "<group>"; };
		95D457AA24A982BB00C5466E /* Info.plist */ = {isa = PBXFileReference; lastKnownFileType = text.plist.xml; path = Info.plist; sourceTree = "<group>"; };
		95D457AF24A982BB00C5466E /* TestPracticeTests.xctest */ = {isa = PBXFileReference; explicitFileType = wrapper.cfbundle; includeInIndex = 0; path = TestPracticeTests.xctest; sourceTree = BUILT_PRODUCTS_DIR; };
		95D457B324A982BB00C5466E /* TestPracticeTests.swift */ = {isa = PBXFileReference; lastKnownFileType = sourcecode.swift; path = TestPracticeTests.swift; sourceTree = "<group>"; };
		95D457B524A982BB00C5466E /* Info.plist */ = {isa = PBXFileReference; lastKnownFileType = text.plist.xml; path = Info.plist; sourceTree = "<group>"; };
		95D457C024A9831D00C5466E /* MathStuff.swift */ = {isa = PBXFileReference; lastKnownFileType = sourcecode.swift; path = MathStuff.swift; sourceTree = "<group>"; };
		95D457D624A9C7BE00C5466E /* TestPracticeUITests.xctest */ = {isa = PBXFileReference; explicitFileType = wrapper.cfbundle; includeInIndex = 0; path = TestPracticeUITests.xctest; sourceTree = BUILT_PRODUCTS_DIR; };
		95D457D824A9C7BE00C5466E /* TestPracticeUITests.swift */ = {isa = PBXFileReference; lastKnownFileType = sourcecode.swift; path = TestPracticeUITests.swift; sourceTree = "<group>"; };
		95D457DA24A9C7BE00C5466E /* Info.plist */ = {isa = PBXFileReference; lastKnownFileType = text.plist.xml; path = Info.plist; sourceTree = "<group>"; };
/* End PBXFileReference section */

/* Begin PBXFrameworksBuildPhase section */
		95D4579624A982B300C5466E /* Frameworks */ = {
			isa = PBXFrameworksBuildPhase;
			buildActionMask = 2147483647;
			files = (
			);
			runOnlyForDeploymentPostprocessing = 0;
		};
		95D457AC24A982BB00C5466E /* Frameworks */ = {
			isa = PBXFrameworksBuildPhase;
			buildActionMask = 2147483647;
			files = (
			);
			runOnlyForDeploymentPostprocessing = 0;
		};
		95D457D324A9C7BE00C5466E /* Frameworks */ = {
			isa = PBXFrameworksBuildPhase;
			buildActionMask = 2147483647;
			files = (
			);
			runOnlyForDeploymentPostprocessing = 0;
		};
/* End PBXFrameworksBuildPhase section */

/* Begin PBXGroup section */
		95D4579024A982B300C5466E = {
			isa = PBXGroup;
			children = (
				95D4579B24A982B300C5466E /* TestPractice */,
				95D457B224A982BB00C5466E /* TestPracticeTests */,
				95D457D724A9C7BE00C5466E /* TestPracticeUITests */,
				95D4579A24A982B300C5466E /* Products */,
			);
			sourceTree = "<group>";
		};
		95D4579A24A982B300C5466E /* Products */ = {
			isa = PBXGroup;
			children = (
				95D4579924A982B300C5466E /* TestPractice.app */,
				95D457AF24A982BB00C5466E /* TestPracticeTests.xctest */,
				95D457D624A9C7BE00C5466E /* TestPracticeUITests.xctest */,
			);
			name = Products;
			sourceTree = "<group>";
		};
		95D4579B24A982B300C5466E /* TestPractice */ = {
			isa = PBXGroup;
			children = (
				95D4579C24A982B300C5466E /* AppDelegate.swift */,
				95D4579E24A982B300C5466E /* SceneDelegate.swift */,
				95D457A024A982B300C5466E /* ViewController.swift */,
				95D457A224A982B300C5466E /* Main.storyboard */,
				95D457A524A982BB00C5466E /* Assets.xcassets */,
				95D457A724A982BB00C5466E /* LaunchScreen.storyboard */,
				95D457AA24A982BB00C5466E /* Info.plist */,
				95D457C024A9831D00C5466E /* MathStuff.swift */,
			);
			path = TestPractice;
			sourceTree = "<group>";
		};
		95D457B224A982BB00C5466E /* TestPracticeTests */ = {
			isa = PBXGroup;
			children = (
				95D457B324A982BB00C5466E /* TestPracticeTests.swift */,
				95D457B524A982BB00C5466E /* Info.plist */,
			);
			path = TestPracticeTests;
			sourceTree = "<group>";
		};
		95D457D724A9C7BE00C5466E /* TestPracticeUITests */ = {
			isa = PBXGroup;
			children = (
				95D457D824A9C7BE00C5466E /* TestPracticeUITests.swift */,
				95D457DA24A9C7BE00C5466E /* Info.plist */,
			);
			path = TestPracticeUITests;
			sourceTree = "<group>";
		};
/* End PBXGroup section */

/* Begin PBXNativeTarget section */
		95D4579824A982B300C5466E /* TestPractice */ = {
			isa = PBXNativeTarget;
			buildConfigurationList = 95D457B824A982BB00C5466E /* Build configuration list for PBXNativeTarget "TestPractice" */;
			buildPhases = (
				95D4579524A982B300C5466E /* Sources */,
				95D4579624A982B300C5466E /* Frameworks */,
				95D4579724A982B300C5466E /* Resources */,
			);
			buildRules = (
			);
			dependencies = (
			);
			name = TestPractice;
			productName = TestPractice;
			productReference = 95D4579924A982B300C5466E /* TestPractice.app */;
			productType = "com.apple.product-type.application";
		};
		95D457AE24A982BB00C5466E /* TestPracticeTests */ = {
			isa = PBXNativeTarget;
			buildConfigurationList = 95D457BB24A982BC00C5466E /* Build configuration list for PBXNativeTarget "TestPracticeTests" */;
			buildPhases = (
				95D457AB24A982BB00C5466E /* Sources */,
				95D457AC24A982BB00C5466E /* Frameworks */,
				95D457AD24A982BB00C5466E /* Resources */,
			);
			buildRules = (
			);
			dependencies = (
				95D457B124A982BB00C5466E /* PBXTargetDependency */,
			);
			name = TestPracticeTests;
			productName = TestPracticeTests;
			productReference = 95D457AF24A982BB00C5466E /* TestPracticeTests.xctest */;
			productType = "com.apple.product-type.bundle.unit-test";
		};
		95D457D524A9C7BE00C5466E /* TestPracticeUITests */ = {
			isa = PBXNativeTarget;
			buildConfigurationList = 95D457DD24A9C7BE00C5466E /* Build configuration list for PBXNativeTarget "TestPracticeUITests" */;
			buildPhases = (
				95D457D224A9C7BE00C5466E /* Sources */,
				95D457D324A9C7BE00C5466E /* Frameworks */,
				95D457D424A9C7BE00C5466E /* Resources */,
			);
			buildRules = (
			);
			dependencies = (
				95D457DC24A9C7BE00C5466E /* PBXTargetDependency */,
			);
			name = TestPracticeUITests;
			productName = TestPracticeUITests;
			productReference = 95D457D624A9C7BE00C5466E /* TestPracticeUITests.xctest */;
			productType = "com.apple.product-type.bundle.ui-testing";
		};
/* End PBXNativeTarget section */

/* Begin PBXProject section */
		95D4579124A982B300C5466E /* Project object */ = {
			isa = PBXProject;
			attributes = {
				LastSwiftUpdateCheck = 1150;
				LastUpgradeCheck = 1150;
				ORGANIZATIONNAME = "Yuki Shinohara";
				TargetAttributes = {
					95D4579824A982B300C5466E = {
						CreatedOnToolsVersion = 11.5;
					};
					95D457AE24A982BB00C5466E = {
						CreatedOnToolsVersion = 11.5;
						TestTargetID = 95D4579824A982B300C5466E;
					};
					95D457D524A9C7BE00C5466E = {
						CreatedOnToolsVersion = 11.5;
						TestTargetID = 95D4579824A982B300C5466E;
					};
				};
			};
			buildConfigurationList = 95D4579424A982B300C5466E /* Build configuration list for PBXProject "TestPractice" */;
			compatibilityVersion = "Xcode 9.3";
			developmentRegion = en;
			hasScannedForEncodings = 0;
			knownRegions = (
				en,
				Base,
			);
			mainGroup = 95D4579024A982B300C5466E;
			productRefGroup = 95D4579A24A982B300C5466E /* Products */;
			projectDirPath = "";
			projectRoot = "";
			targets = (
				95D4579824A982B300C5466E /* TestPractice */,
				95D457AE24A982BB00C5466E /* TestPracticeTests */,
				95D457D524A9C7BE00C5466E /* TestPracticeUITests */,
			);
		};
/* End PBXProject section */

/* Begin PBXResourcesBuildPhase section */
		95D4579724A982B300C5466E /* Resources */ = {
			isa = PBXResourcesBuildPhase;
			buildActionMask = 2147483647;
			files = (
				95D457A924A982BB00C5466E /* LaunchScreen.storyboard in Resources */,
				95D457A624A982BB00C5466E /* Assets.xcassets in Resources */,
				95D457A424A982B300C5466E /* Main.storyboard in Resources */,
			);
			runOnlyForDeploymentPostprocessing = 0;
		};
		95D457AD24A982BB00C5466E /* Resources */ = {
			isa = PBXResourcesBuildPhase;
			buildActionMask = 2147483647;
			files = (
			);
			runOnlyForDeploymentPostprocessing = 0;
		};
		95D457D424A9C7BE00C5466E /* Resources */ = {
			isa = PBXResourcesBuildPhase;
			buildActionMask = 2147483647;
			files = (
			);
			runOnlyForDeploymentPostprocessing = 0;
		};
/* End PBXResourcesBuildPhase section */

/* Begin PBXSourcesBuildPhase section */
		95D4579524A982B300C5466E /* Sources */ = {
			isa = PBXSourcesBuildPhase;
			buildActionMask = 2147483647;
			files = (
				95D457C124A9831D00C5466E /* MathStuff.swift in Sources */,
				95D457A124A982B300C5466E /* ViewController.swift in Sources */,
				95D4579D24A982B300C5466E /* AppDelegate.swift in Sources */,
				95D4579F24A982B300C5466E /* SceneDelegate.swift in Sources */,
			);
			runOnlyForDeploymentPostprocessing = 0;
		};
		95D457AB24A982BB00C5466E /* Sources */ = {
			isa = PBXSourcesBuildPhase;
			buildActionMask = 2147483647;
			files = (
				95D457B424A982BB00C5466E /* TestPracticeTests.swift in Sources */,
			);
			runOnlyForDeploymentPostprocessing = 0;
		};
		95D457D224A9C7BE00C5466E /* Sources */ = {
			isa = PBXSourcesBuildPhase;
			buildActionMask = 2147483647;
			files = (
				95D457D924A9C7BE00C5466E /* TestPracticeUITests.swift in Sources */,
			);
			runOnlyForDeploymentPostprocessing = 0;
		};
/* End PBXSourcesBuildPhase section */

/* Begin PBXTargetDependency section */
		95D457B124A982BB00C5466E /* PBXTargetDependency */ = {
			isa = PBXTargetDependency;
			target = 95D4579824A982B300C5466E /* TestPractice */;
			targetProxy = 95D457B024A982BB00C5466E /* PBXContainerItemProxy */;
		};
		95D457DC24A9C7BE00C5466E /* PBXTargetDependency */ = {
			isa = PBXTargetDependency;
			target = 95D4579824A982B300C5466E /* TestPractice */;
			targetProxy = 95D457DB24A9C7BE00C5466E /* PBXContainerItemProxy */;
		};
/* End PBXTargetDependency section */

/* Begin PBXVariantGroup section */
		95D457A224A982B300C5466E /* Main.storyboard */ = {
			isa = PBXVariantGroup;
			children = (
				95D457A324A982B300C5466E /* Base */,
			);
			name = Main.storyboard;
			sourceTree = "<group>";
		};
		95D457A724A982BB00C5466E /* LaunchScreen.storyboard */ = {
			isa = PBXVariantGroup;
			children = (
				95D457A824A982BB00C5466E /* Base */,
			);
			name = LaunchScreen.storyboard;
			sourceTree = "<group>";
		};
/* End PBXVariantGroup section */

/* Begin XCBuildConfiguration section */
		95D457B624A982BB00C5466E /* Debug */ = {
			isa = XCBuildConfiguration;
			buildSettings = {
				ALWAYS_SEARCH_USER_PATHS = NO;
				CLANG_ANALYZER_NONNULL = YES;
				CLANG_ANALYZER_NUMBER_OBJECT_CONVERSION = YES_AGGRESSIVE;
				CLANG_CXX_LANGUAGE_STANDARD = "gnu++14";
				CLANG_CXX_LIBRARY = "libc++";
				CLANG_ENABLE_MODULES = YES;
				CLANG_ENABLE_OBJC_ARC = YES;
				CLANG_ENABLE_OBJC_WEAK = YES;
				CLANG_WARN_BLOCK_CAPTURE_AUTORELEASING = YES;
				CLANG_WARN_BOOL_CONVERSION = YES;
				CLANG_WARN_COMMA = YES;
				CLANG_WARN_CONSTANT_CONVERSION = YES;
				CLANG_WARN_DEPRECATED_OBJC_IMPLEMENTATIONS = YES;
				CLANG_WARN_DIRECT_OBJC_ISA_USAGE = YES_ERROR;
				CLANG_WARN_DOCUMENTATION_COMMENTS = YES;
				CLANG_WARN_EMPTY_BODY = YES;
				CLANG_WARN_ENUM_CONVERSION = YES;
				CLANG_WARN_INFINITE_RECURSION = YES;
				CLANG_WARN_INT_CONVERSION = YES;
				CLANG_WARN_NON_LITERAL_NULL_CONVERSION = YES;
				CLANG_WARN_OBJC_IMPLICIT_RETAIN_SELF = YES;
				CLANG_WARN_OBJC_LITERAL_CONVERSION = YES;
				CLANG_WARN_OBJC_ROOT_CLASS = YES_ERROR;
				CLANG_WARN_RANGE_LOOP_ANALYSIS = YES;
				CLANG_WARN_STRICT_PROTOTYPES = YES;
				CLANG_WARN_SUSPICIOUS_MOVE = YES;
				CLANG_WARN_UNGUARDED_AVAILABILITY = YES_AGGRESSIVE;
				CLANG_WARN_UNREACHABLE_CODE = YES;
				CLANG_WARN__DUPLICATE_METHOD_MATCH = YES;
				COPY_PHASE_STRIP = NO;
				DEBUG_INFORMATION_FORMAT = dwarf;
				ENABLE_STRICT_OBJC_MSGSEND = YES;
				ENABLE_TESTABILITY = YES;
				GCC_C_LANGUAGE_STANDARD = gnu11;
				GCC_DYNAMIC_NO_PIC = NO;
				GCC_NO_COMMON_BLOCKS = YES;
				GCC_OPTIMIZATION_LEVEL = 0;
				GCC_PREPROCESSOR_DEFINITIONS = (
					"DEBUG=1",
					"$(inherited)",
				);
				GCC_WARN_64_TO_32_BIT_CONVERSION = YES;
				GCC_WARN_ABOUT_RETURN_TYPE = YES_ERROR;
				GCC_WARN_UNDECLARED_SELECTOR = YES;
				GCC_WARN_UNINITIALIZED_AUTOS = YES_AGGRESSIVE;
				GCC_WARN_UNUSED_FUNCTION = YES;
				GCC_WARN_UNUSED_VARIABLE = YES;
				IPHONEOS_DEPLOYMENT_TARGET = 13.5;
				MTL_ENABLE_DEBUG_INFO = INCLUDE_SOURCE;
				MTL_FAST_MATH = YES;
				ONLY_ACTIVE_ARCH = YES;
				SDKROOT = iphoneos;
				SWIFT_ACTIVE_COMPILATION_CONDITIONS = DEBUG;
				SWIFT_OPTIMIZATION_LEVEL = "-Onone";
			};
			name = Debug;
		};
		95D457B724A982BB00C5466E /* Release */ = {
			isa = XCBuildConfiguration;
			buildSettings = {
				ALWAYS_SEARCH_USER_PATHS = NO;
				CLANG_ANALYZER_NONNULL = YES;
				CLANG_ANALYZER_NUMBER_OBJECT_CONVERSION = YES_AGGRESSIVE;
				CLANG_CXX_LANGUAGE_STANDARD = "gnu++14";
				CLANG_CXX_LIBRARY = "libc++";
				CLANG_ENABLE_MODULES = YES;
				CLANG_ENABLE_OBJC_ARC = YES;
				CLANG_ENABLE_OBJC_WEAK = YES;
				CLANG_WARN_BLOCK_CAPTURE_AUTORELEASING = YES;
				CLANG_WARN_BOOL_CONVERSION = YES;
				CLANG_WARN_COMMA = YES;
				CLANG_WARN_CONSTANT_CONVERSION = YES;
				CLANG_WARN_DEPRECATED_OBJC_IMPLEMENTATIONS = YES;
				CLANG_WARN_DIRECT_OBJC_ISA_USAGE = YES_ERROR;
				CLANG_WARN_DOCUMENTATION_COMMENTS = YES;
				CLANG_WARN_EMPTY_BODY = YES;
				CLANG_WARN_ENUM_CONVERSION = YES;
				CLANG_WARN_INFINITE_RECURSION = YES;
				CLANG_WARN_INT_CONVERSION = YES;
				CLANG_WARN_NON_LITERAL_NULL_CONVERSION = YES;
				CLANG_WARN_OBJC_IMPLICIT_RETAIN_SELF = YES;
				CLANG_WARN_OBJC_LITERAL_CONVERSION = YES;
				CLANG_WARN_OBJC_ROOT_CLASS = YES_ERROR;
				CLANG_WARN_RANGE_LOOP_ANALYSIS = YES;
				CLANG_WARN_STRICT_PROTOTYPES = YES;
				CLANG_WARN_SUSPICIOUS_MOVE = YES;
				CLANG_WARN_UNGUARDED_AVAILABILITY = YES_AGGRESSIVE;
				CLANG_WARN_UNREACHABLE_CODE = YES;
				CLANG_WARN__DUPLICATE_METHOD_MATCH = YES;
				COPY_PHASE_STRIP = NO;
				DEBUG_INFORMATION_FORMAT = "dwarf-with-dsym";
				ENABLE_NS_ASSERTIONS = NO;
				ENABLE_STRICT_OBJC_MSGSEND = YES;
				GCC_C_LANGUAGE_STANDARD = gnu11;
				GCC_NO_COMMON_BLOCKS = YES;
				GCC_WARN_64_TO_32_BIT_CONVERSION = YES;
				GCC_WARN_ABOUT_RETURN_TYPE = YES_ERROR;
				GCC_WARN_UNDECLARED_SELECTOR = YES;
				GCC_WARN_UNINITIALIZED_AUTOS = YES_AGGRESSIVE;
				GCC_WARN_UNUSED_FUNCTION = YES;
				GCC_WARN_UNUSED_VARIABLE = YES;
				IPHONEOS_DEPLOYMENT_TARGET = 13.5;
				MTL_ENABLE_DEBUG_INFO = NO;
				MTL_FAST_MATH = YES;
				SDKROOT = iphoneos;
				SWIFT_COMPILATION_MODE = wholemodule;
				SWIFT_OPTIMIZATION_LEVEL = "-O";
				VALIDATE_PRODUCT = YES;
			};
			name = Release;
		};
		95D457B924A982BB00C5466E /* Debug */ = {
			isa = XCBuildConfiguration;
			buildSettings = {
				ASSETCATALOG_COMPILER_APPICON_NAME = AppIcon;
				CODE_SIGN_STYLE = Automatic;
				DEVELOPMENT_TEAM = 7RFPAQ2NAA;
				INFOPLIST_FILE = TestPractice/Info.plist;
				LD_RUNPATH_SEARCH_PATHS = (
					"$(inherited)",
					"@executable_path/Frameworks",
				);
				PRODUCT_BUNDLE_IDENTIFIER = com.shino.TestPractice;
				PRODUCT_NAME = "$(TARGET_NAME)";
				SWIFT_VERSION = 5.0;
				TARGETED_DEVICE_FAMILY = "1,2";
			};
			name = Debug;
		};
		95D457BA24A982BB00C5466E /* Release */ = {
			isa = XCBuildConfiguration;
			buildSettings = {
				ASSETCATALOG_COMPILER_APPICON_NAME = AppIcon;
				CODE_SIGN_STYLE = Automatic;
				DEVELOPMENT_TEAM = 7RFPAQ2NAA;
				INFOPLIST_FILE = TestPractice/Info.plist;
				LD_RUNPATH_SEARCH_PATHS = (
					"$(inherited)",
					"@executable_path/Frameworks",
				);
				PRODUCT_BUNDLE_IDENTIFIER = com.shino.TestPractice;
				PRODUCT_NAME = "$(TARGET_NAME)";
				SWIFT_VERSION = 5.0;
				TARGETED_DEVICE_FAMILY = "1,2";
			};
			name = Release;
		};
		95D457BC24A982BC00C5466E /* Debug */ = {
			isa = XCBuildConfiguration;
			buildSettings = {
				ALWAYS_EMBED_SWIFT_STANDARD_LIBRARIES = YES;
				BUNDLE_LOADER = "$(TEST_HOST)";
				CODE_SIGN_STYLE = Automatic;
				DEVELOPMENT_TEAM = 7RFPAQ2NAA;
				INFOPLIST_FILE = TestPracticeTests/Info.plist;
				IPHONEOS_DEPLOYMENT_TARGET = 13.5;
				LD_RUNPATH_SEARCH_PATHS = (
					"$(inherited)",
					"@executable_path/Frameworks",
					"@loader_path/Frameworks",
				);
				PRODUCT_BUNDLE_IDENTIFIER = com.shino.TestPracticeTests;
				PRODUCT_NAME = "$(TARGET_NAME)";
				SWIFT_VERSION = 5.0;
				TARGETED_DEVICE_FAMILY = "1,2";
				TEST_HOST = "$(BUILT_PRODUCTS_DIR)/TestPractice.app/TestPractice";
			};
			name = Debug;
		};
		95D457BD24A982BC00C5466E /* Release */ = {
			isa = XCBuildConfiguration;
			buildSettings = {
				ALWAYS_EMBED_SWIFT_STANDARD_LIBRARIES = YES;
				BUNDLE_LOADER = "$(TEST_HOST)";
				CODE_SIGN_STYLE = Automatic;
				DEVELOPMENT_TEAM = 7RFPAQ2NAA;
				INFOPLIST_FILE = TestPracticeTests/Info.plist;
				IPHONEOS_DEPLOYMENT_TARGET = 13.5;
				LD_RUNPATH_SEARCH_PATHS = (
					"$(inherited)",
					"@executable_path/Frameworks",
					"@loader_path/Frameworks",
				);
				PRODUCT_BUNDLE_IDENTIFIER = com.shino.TestPracticeTests;
				PRODUCT_NAME = "$(TARGET_NAME)";
				SWIFT_VERSION = 5.0;
				TARGETED_DEVICE_FAMILY = "1,2";
				TEST_HOST = "$(BUILT_PRODUCTS_DIR)/TestPractice.app/TestPractice";
			};
			name = Release;
		};
		95D457DE24A9C7BE00C5466E /* Debug */ = {
			isa = XCBuildConfiguration;
			buildSettings = {
				CODE_SIGN_STYLE = Automatic;
				DEVELOPMENT_TEAM = 7RFPAQ2NAA;
				INFOPLIST_FILE = TestPracticeUITests/Info.plist;
				LD_RUNPATH_SEARCH_PATHS = (
					"$(inherited)",
					"@executable_path/Frameworks",
					"@loader_path/Frameworks",
				);
				PRODUCT_BUNDLE_IDENTIFIER = com.shino.TestPracticeUITests;
				PRODUCT_NAME = "$(TARGET_NAME)";
				SWIFT_VERSION = 5.0;
				TARGETED_DEVICE_FAMILY = "1,2";
				TEST_TARGET_NAME = TestPractice;
			};
			name = Debug;
		};
		95D457DF24A9C7BE00C5466E /* Release */ = {
			isa = XCBuildConfiguration;
			buildSettings = {
				CODE_SIGN_STYLE = Automatic;
				DEVELOPMENT_TEAM = 7RFPAQ2NAA;
				INFOPLIST_FILE = TestPracticeUITests/Info.plist;
				LD_RUNPATH_SEARCH_PATHS = (
					"$(inherited)",
					"@executable_path/Frameworks",
					"@loader_path/Frameworks",
				);
				PRODUCT_BUNDLE_IDENTIFIER = com.shino.TestPracticeUITests;
				PRODUCT_NAME = "$(TARGET_NAME)";
				SWIFT_VERSION = 5.0;
				TARGETED_DEVICE_FAMILY = "1,2";
				TEST_TARGET_NAME = TestPractice;
			};
			name = Release;
		};
/* End XCBuildConfiguration section */

/* Begin XCConfigurationList section */
		95D4579424A982B300C5466E /* Build configuration list for PBXProject "TestPractice" */ = {
			isa = XCConfigurationList;
			buildConfigurations = (
				95D457B624A982BB00C5466E /* Debug */,
				95D457B724A982BB00C5466E /* Release */,
			);
			defaultConfigurationIsVisible = 0;
			defaultConfigurationName = Release;
		};
		95D457B824A982BB00C5466E /* Build configuration list for PBXNativeTarget "TestPractice" */ = {
			isa = XCConfigurationList;
			buildConfigurations = (
				95D457B924A982BB00C5466E /* Debug */,
				95D457BA24A982BB00C5466E /* Release */,
			);
			defaultConfigurationIsVisible = 0;
			defaultConfigurationName = Release;
		};
		95D457BB24A982BC00C5466E /* Build configuration list for PBXNativeTarget "TestPracticeTests" */ = {
			isa = XCConfigurationList;
			buildConfigurations = (
				95D457BC24A982BC00C5466E /* Debug */,
				95D457BD24A982BC00C5466E /* Release */,
			);
			defaultConfigurationIsVisible = 0;
			defaultConfigurationName = Release;
		};
		95D457DD24A9C7BE00C5466E /* Build configuration list for PBXNativeTarget "TestPracticeUITests" */ = {
			isa = XCConfigurationList;
			buildConfigurations = (
				95D457DE24A9C7BE00C5466E /* Debug */,
				95D457DF24A9C7BE00C5466E /* Release */,
			);
			defaultConfigurationIsVisible = 0;
			defaultConfigurationName = Release;
		};
/* End XCConfigurationList section */
	};
	rootObject = 95D4579124A982B300C5466E /* Project object */;
}
